Microsoft Visual Studio Solution File, Format Version 12.00
# Visual Studio Version 17
VisualStudioVersion = 17.0.31903.59
MinimumVisualStudioVersion = 10.0.40219.1
Project("{FAE04EC0-301F-11D3-BF4B-00C04F79EFBC}") = "PayFlow", "src\PayFlow\PayFlow.csproj", "{6A5F6EAD-5D5C-4A65-B212-7E2A3CF59B88}"
EndProject
Global
	GlobalSection(SolutionConfigurationPlatforms) = preSolution
		Debug|Any CPU = Debug|Any CPU
		Release|Any CPU = Release|Any CPU
	EndGlobalSection
	GlobalSection(ProjectConfigurationPlatforms) = postSolution
		{6A5F6EAD-5D5C-4A65-B212-7E2A3CF59B88}.Debug|Any CPU.ActiveCfg = Debug|Any CPU
		{6A5F6EAD-5D5C-4A65-B212-7E2A3CF59B88}.Debug|Any CPU.Build.0 = Debug|Any CPU
		{6A5F6EAD-5D5C-4A65-B212-7E2A3CF59B88}.Release|Any CPU.ActiveCfg = Release|Any CPU
		{6A5F6EAD-5D5C-4A65-B212-7E2A3CF59B88}.Release|Any CPU.Build.0 = Release|Any CPU
	EndGlobalSection
	GlobalSection(SolutionProperties) = preSolution
		HideSolutionNode = FALSE
	EndGlobalSection
	GlobalSection(ExtensibilityGlobals) = postSolution
		SolutionGuid = {B99B87EB-BD7C-43E6-B043-DBE0409AAB4F}
	EndGlobalSection
EndGlobal
